
Microsoft Visual Studio Solution File, Format Version 12.00
# Visual Studio Version 17
VisualStudioVersion = 17.3.32901.215
MinimumVisualStudioVersion = 10.0.40219.1
Project("{FAE04EC0-301F-11D3-BF4B-00C04F79EFBC}") = "TicTacToe", "TicTacToe\TicTacToe.csproj", "{70044868-1B5D-497F-98BE-A8FBD0EE23E9}"
EndProject
Project("{FAE04EC0-301F-11D3-BF4B-00C04F79EFBC}") = "TicTacToeClassLibrary", "TicTacToeClassLibrary\TicTacToeClassLibrary.csproj", "{D3748BA8-E0E8-4004-8644-438DF438EF03}"
EndProject
Global
	GlobalSection(SolutionConfigurationPlatforms) = preSolution
		Debug|Any CPU = Debug|Any CPU
		Release|Any CPU = Release|Any CPU
	EndGlobalSection
	GlobalSection(ProjectConfigurationPlatforms) = postSolution
		{70044868-1B5D-497F-98BE-A8FBD0EE23E9}.Debug|Any CPU.ActiveCfg = Debug|Any CPU
		{70044868-1B5D-497F-98BE-A8FBD0EE23E9}.Debug|Any CPU.Build.0 = Debug|Any CPU
		{70044868-1B5D-497F-98BE-A8FBD0EE23E9}.Release|Any CPU.ActiveCfg = Release|Any CPU
		{70044868-1B5D-497F-98BE-A8FBD0EE23E9}.Release|Any CPU.Build.0 = Release|Any CPU
		{D3748BA8-E0E8-4004-8644-438DF438EF03}.Debug|Any CPU.ActiveCfg = Debug|Any CPU
		{D3748BA8-E0E8-4004-8644-438DF438EF03}.Debug|Any CPU.Build.0 = Debug|Any CPU
		{D3748BA8-E0E8-4004-8644-438DF438EF03}.Release|Any CPU.ActiveCfg = Release|Any CPU
		{D3748BA8-E0E8-4004-8644-438DF438EF03}.Release|Any CPU.Build.0 = Release|Any CPU
	EndGlobalSection
	GlobalSection(SolutionProperties) = preSolution
		HideSolutionNode = FALSE
	EndGlobalSection
	GlobalSection(ExtensibilityGlobals) = postSolution
		SolutionGuid = {54553958-F957-4B45-9970-4B3D8CDAA255}
	EndGlobalSection
EndGlobal
